
Microsoft Visual Studio Solution File, Format Version 12.00
# Visual Studio Version 16
VisualStudioVersion = 16.0.31205.134
MinimumVisualStudioVersion = 10.0.40219.1
Project("{9A19103F-16F7-4668-BE54-9A1E7A4F7556}") = "CoreWebAPI", "CoreWebAPI.csproj", "{6FC4DD24-9E6D-40C6-AF3E-1E99B7D8903A}"
EndProject
Project("{FAE04EC0-301F-11D3-BF4B-00C04F79EFBC}") = "CoreWebAPI.Data.Persistence", "..\CoreWebAPI.Data.Persistence\CoreWebAPI.Data.Persistence.csproj", "{6D267927-8ACA-4740-BDC4-64931889EFB9}"
EndProject
Project("{FAE04EC0-301F-11D3-BF4B-00C04F79EFBC}") = "CoreWebAPI.Data.Models", "..\CoreWebAPI.Data.Models\CoreWebAPI.Data.Models.csproj", "{981CD04E-83E0-40F3-B3E4-99A17EE27061}"
EndProject
Project("{FAE04EC0-301F-11D3-BF4B-00C04F79EFBC}") = "CoreWebAPI.Utilities", "..\CoreWebAPI.Utilities\CoreWebAPI.Utilities.csproj", "{0EB1EBD7-38DD-448F-94CF-A03AD563483C}"
EndProject
Project("{FAE04EC0-301F-11D3-BF4B-00C04F79EFBC}") = "CoreWebAPI.Security", "..\CoreWebAPI.Security\CoreWebAPI.Security.csproj", "{39BB5A82-376D-47E5-B8AE-096BD6D7F8A0}"
EndProject
Global
	GlobalSection(SolutionConfigurationPlatforms) = preSolution
		Debug|Any CPU = Debug|Any CPU
		Release|Any CPU = Release|Any CPU
	EndGlobalSection
	GlobalSection(ProjectConfigurationPlatforms) = postSolution
		{6FC4DD24-9E6D-40C6-AF3E-1E99B7D8903A}.Debug|Any CPU.ActiveCfg = Debug|Any CPU
		{6FC4DD24-9E6D-40C6-AF3E-1E99B7D8903A}.Debug|Any CPU.Build.0 = Debug|Any CPU
		{6FC4DD24-9E6D-40C6-AF3E-1E99B7D8903A}.Release|Any CPU.ActiveCfg = Release|Any CPU
		{6FC4DD24-9E6D-40C6-AF3E-1E99B7D8903A}.Release|Any CPU.Build.0 = Release|Any CPU
		{6D267927-8ACA-4740-BDC4-64931889EFB9}.Debug|Any CPU.ActiveCfg = Debug|Any CPU
		{6D267927-8ACA-4740-BDC4-64931889EFB9}.Debug|Any CPU.Build.0 = Debug|Any CPU
		{6D267927-8ACA-4740-BDC4-64931889EFB9}.Release|Any CPU.ActiveCfg = Release|Any CPU
		{6D267927-8ACA-4740-BDC4-64931889EFB9}.Release|Any CPU.Build.0 = Release|Any CPU
		{981CD04E-83E0-40F3-B3E4-99A17EE27061}.Debug|Any CPU.ActiveCfg = Debug|Any CPU
		{981CD04E-83E0-40F3-B3E4-99A17EE27061}.Debug|Any CPU.Build.0 = Debug|Any CPU
		{981CD04E-83E0-40F3-B3E4-99A17EE27061}.Release|Any CPU.ActiveCfg = Release|Any CPU
		{981CD04E-83E0-40F3-B3E4-99A17EE27061}.Release|Any CPU.Build.0 = Release|Any CPU
		{0EB1EBD7-38DD-448F-94CF-A03AD563483C}.Debug|Any CPU.ActiveCfg = Debug|Any CPU
		{0EB1EBD7-38DD-448F-94CF-A03AD563483C}.Debug|Any CPU.Build.0 = Debug|Any CPU
		{0EB1EBD7-38DD-448F-94CF-A03AD563483C}.Release|Any CPU.ActiveCfg = Release|Any CPU
		{0EB1EBD7-38DD-448F-94CF-A03AD563483C}.Release|Any CPU.Build.0 = Release|Any CPU
		{39BB5A82-376D-47E5-B8AE-096BD6D7F8A0}.Debug|Any CPU.ActiveCfg = Debug|Any CPU
		{39BB5A82-376D-47E5-B8AE-096BD6D7F8A0}.Debug|Any CPU.Build.0 = Debug|Any CPU
		{39BB5A82-376D-47E5-B8AE-096BD6D7F8A0}.Release|Any CPU.ActiveCfg = Release|Any CPU
		{39BB5A82-376D-47E5-B8AE-096BD6D7F8A0}.Release|Any CPU.Build.0 = Release|Any CPU
	EndGlobalSection
	GlobalSection(SolutionProperties) = preSolution
		HideSolutionNode = FALSE
	EndGlobalSection
	GlobalSection(ExtensibilityGlobals) = postSolution
		SolutionGuid = {6CEC2CA0-AE30-45D2-BD8E-1E468D368F43}
	EndGlobalSection
EndGlobal
